# THIS IS AN AUTOGENERATED FILE. DO NOT EDIT THIS FILE DIRECTLY.
# yarn lockfile v1


create-serve@^1.0.1:
  version "1.0.1"
  resolved "https://registry.yarnpkg.com/create-serve/-/create-serve-1.0.1.tgz#a52ec4cbd2d0f776d3e42338fa1f0dae69080c59"
  integrity sha512-cDAmBGhkwolS7ihq7SnPE8KwjYUZl5FaI9Pq5ZBwNelSKvFR9OoAA4/B5BfB/NC+eYaykBpX9RVMfuU4DHtrPw==

esbuild-serve@^1.0.1:
  version "1.0.1"
  resolved "https://registry.yarnpkg.com/esbuild-serve/-/esbuild-serve-1.0.1.tgz#c388c8ff184477ec6b6278d615da8d3177e5174f"
  integrity sha512-VvYDThNuwg+YAuZC+RqAgw9TpEVGoDdcvm2mTL0lU+TxDXr+QGZfJ+zc6m7cXeJ940qijvdTSZl3mQbRGN4/PA==
  dependencies:
    create-serve "^1.0.1"
    esbuild "^0.9.0"

esbuild@^0.12.19:
  version "0.12.29"
  resolved "https://registry.yarnpkg.com/esbuild/-/esbuild-0.12.29.tgz#be602db7c4dc78944a9dbde0d1ea19d36c1f882d"
  integrity sha512-w/XuoBCSwepyiZtIRsKsetiLDUVGPVw1E/R3VTFSecIy8UR7Cq3SOtwKHJMFoVqqVG36aGkzh4e8BvpO1Fdc7g==

esbuild@^0.9.0:
  version "0.9.7"
  resolved "https://registry.yarnpkg.com/esbuild/-/esbuild-0.9.7.tgz#ea0d639cbe4b88ec25fbed4d6ff00c8d788ef70b"
  integrity sha512-VtUf6aQ89VTmMLKrWHYG50uByMF4JQlVysb8dmg6cOgW8JnFCipmz7p+HNBl+RR3LLCuBxFGVauAe2wfnF9bLg==

jquery@^3.5.1:
  version "3.6.1"
  resolved "https://registry.yarnpkg.com/jquery/-/jquery-3.6.1.tgz#fab0408f8b45fc19f956205773b62b292c147a16"
  integrity sha512-opJeO4nCucVnsjiXOE+/PcCgYw9Gwpvs/a6B1LL/lQhwWwpbVEVYDZ1FokFr8PRc7ghYlrFPuyHuiiDNTQxmcw==
